Microsoft Visual Studio Solution File, Format Version 12.00
# Visual Studio Version 17
VisualStudioVersion = 17.5.2.0
MinimumVisualStudioVersion = 10.0.40219.1
Project("{FAE04EC0-301F-11D3-BF4B-00C04F79EFBC}") = "SharePointSync.Functions", "SharePointSync.Functions.csproj", "{DA8D8FD6-3EEC-4810-684A-40D35C9E63D5}"
EndProject
Project("{2150E333-8FDC-42A3-9474-1A3956D46DE8}") = "obj", "obj", "{CA285D67-BB6D-2923-29FD-B5A1C6B8EB24}"
EndProject
Project("{2150E333-8FDC-42A3-9474-1A3956D46DE8}") = "Debug", "Debug", "{3DB07252-4F5B-61B7-192E-6C40720DF607}"
EndProject
Project("{2150E333-8FDC-42A3-9474-1A3956D46DE8}") = "net10.0", "net10.0", "{EBD43A96-7B92-702B-7428-8B5AA1B20724}"
EndProject
Project("{FAE04EC0-301F-11D3-BF4B-00C04F79EFBC}") = "WorkerExtensions", "obj\Debug\net10.0\WorkerExtensions\WorkerExtensions.csproj", "{D7F68042-2533-68D7-2ABC-B6D1BD57D460}"
EndProject
Project("{2150E333-8FDC-42A3-9474-1A3956D46DE8}") = "net8.0", "net8.0", "{BA64DA0F-47DD-4310-553B-4CC85DEE94FB}"
EndProject
Project("{FAE04EC0-301F-11D3-BF4B-00C04F79EFBC}") = "WorkerExtensions", "obj\Debug\net8.0\WorkerExtensions\WorkerExtensions.csproj", "{D5C34E5E-AF2B-711A-19AB-60979F4F9D10}"
EndProject
Project("{2150E333-8FDC-42A3-9474-1A3956D46DE8}") = "net9.0", "net9.0", "{423DF030-E479-861D-2231-1D1BC1956A42}"
EndProject
Project("{FAE04EC0-301F-11D3-BF4B-00C04F79EFBC}") = "WorkerExtensions", "obj\Debug\net9.0\WorkerExtensions\WorkerExtensions.csproj", "{AB8BBC52-ADC2-69F9-59E2-D2BFB6E19E3E}"
EndProject
Project("{2150E333-8FDC-42A3-9474-1A3956D46DE8}") = "Release", "Release", "{DA95AA47-ED09-4F06-18B9-BFDCCE25247A}"
EndProject
Project("{2150E333-8FDC-42A3-9474-1A3956D46DE8}") = "net8.0", "net8.0", "{1B140624-E16F-F13B-7A84-8F7FBF682809}"
EndProject
Project("{FAE04EC0-301F-11D3-BF4B-00C04F79EFBC}") = "WorkerExtensions", "obj\Release\net8.0\WorkerExtensions\WorkerExtensions.csproj", "{DAFBCCB8-AC31-05E2-9D5D-35CB199D4F20}"
EndProject
Global
	GlobalSection(SolutionConfigurationPlatforms) = preSolution
		Debug|Any CPU = Debug|Any CPU
		Release|Any CPU = Release|Any CPU
	EndGlobalSection
	GlobalSection(ProjectConfigurationPlatforms) = postSolution
		{DA8D8FD6-3EEC-4810-684A-40D35C9E63D5}.Debug|Any CPU.ActiveCfg = Debug|Any CPU
		{DA8D8FD6-3EEC-4810-684A-40D35C9E63D5}.Debug|Any CPU.Build.0 = Debug|Any CPU
		{DA8D8FD6-3EEC-4810-684A-40D35C9E63D5}.Release|Any CPU.ActiveCfg = Release|Any CPU
		{DA8D8FD6-3EEC-4810-684A-40D35C9E63D5}.Release|Any CPU.Build.0 = Release|Any CPU
		{D7F68042-2533-68D7-2ABC-B6D1BD57D460}.Debug|Any CPU.ActiveCfg = Debug|Any CPU
		{D7F68042-2533-68D7-2ABC-B6D1BD57D460}.Debug|Any CPU.Build.0 = Debug|Any CPU
		{D7F68042-2533-68D7-2ABC-B6D1BD57D460}.Release|Any CPU.ActiveCfg = Release|Any CPU
		{D7F68042-2533-68D7-2ABC-B6D1BD57D460}.Release|Any CPU.Build.0 = Release|Any CPU
		{D5C34E5E-AF2B-711A-19AB-60979F4F9D10}.Debug|Any CPU.ActiveCfg = Debug|Any CPU
		{D5C34E5E-AF2B-711A-19AB-60979F4F9D10}.Debug|Any CPU.Build.0 = Debug|Any CPU
		{D5C34E5E-AF2B-711A-19AB-60979F4F9D10}.Release|Any CPU.ActiveCfg = Release|Any CPU
		{D5C34E5E-AF2B-711A-19AB-60979F4F9D10}.Release|Any CPU.Build.0 = Release|Any CPU
		{AB8BBC52-ADC2-69F9-59E2-D2BFB6E19E3E}.Debug|Any CPU.ActiveCfg = Debug|Any CPU
		{AB8BBC52-ADC2-69F9-59E2-D2BFB6E19E3E}.Debug|Any CPU.Build.0 = Debug|Any CPU
		{AB8BBC52-ADC2-69F9-59E2-D2BFB6E19E3E}.Release|Any CPU.ActiveCfg = Release|Any CPU
		{AB8BBC52-ADC2-69F9-59E2-D2BFB6E19E3E}.Release|Any CPU.Build.0 = Release|Any CPU
		{DAFBCCB8-AC31-05E2-9D5D-35CB199D4F20}.Debug|Any CPU.ActiveCfg = Debug|Any CPU
		{DAFBCCB8-AC31-05E2-9D5D-35CB199D4F20}.Debug|Any CPU.Build.0 = Debug|Any CPU
		{DAFBCCB8-AC31-05E2-9D5D-35CB199D4F20}.Release|Any CPU.ActiveCfg = Release|Any CPU
		{DAFBCCB8-AC31-05E2-9D5D-35CB199D4F20}.Release|Any CPU.Build.0 = Release|Any CPU
	EndGlobalSection
	GlobalSection(SolutionProperties) = preSolution
		HideSolutionNode = FALSE
	EndGlobalSection
	GlobalSection(NestedProjects) = preSolution
		{3DB07252-4F5B-61B7-192E-6C40720DF607} = {CA285D67-BB6D-2923-29FD-B5A1C6B8EB24}
		{EBD43A96-7B92-702B-7428-8B5AA1B20724} = {3DB07252-4F5B-61B7-192E-6C40720DF607}
		{D7F68042-2533-68D7-2ABC-B6D1BD57D460} = {EBD43A96-7B92-702B-7428-8B5AA1B20724}
		{BA64DA0F-47DD-4310-553B-4CC85DEE94FB} = {3DB07252-4F5B-61B7-192E-6C40720DF607}
		{D5C34E5E-AF2B-711A-19AB-60979F4F9D10} = {BA64DA0F-47DD-4310-553B-4CC85DEE94FB}
		{423DF030-E479-861D-2231-1D1BC1956A42} = {3DB07252-4F5B-61B7-192E-6C40720DF607}
		{AB8BBC52-ADC2-69F9-59E2-D2BFB6E19E3E} = {423DF030-E479-861D-2231-1D1BC1956A42}
		{DA95AA47-ED09-4F06-18B9-BFDCCE25247A} = {CA285D67-BB6D-2923-29FD-B5A1C6B8EB24}
		{1B140624-E16F-F13B-7A84-8F7FBF682809} = {DA95AA47-ED09-4F06-18B9-BFDCCE25247A}
		{DAFBCCB8-AC31-05E2-9D5D-35CB199D4F20} = {1B140624-E16F-F13B-7A84-8F7FBF682809}
	EndGlobalSection
	GlobalSection(ExtensibilityGlobals) = postSolution
		SolutionGuid = {7E0422A7-EA28-4C4E-B9A3-315E0056137E}
	EndGlobalSection
EndGlobal
